
Microsoft Visual Studio Solution File, Format Version 12.00
# Visual Studio Version 17
VisualStudioVersion = 17.0.31903.59
MinimumVisualStudioVersion = 10.0.40219.1
Project("{FAE04EC0-301F-11D3-BF4B-00C04F79EFBC}") = "AesGcmSiv.Net", "AesGcmSiv.Net\AesGcmSiv.Net.csproj", "{0417D868-6E16-44F5-BF0C-84B1BF688744}"
EndProject
Project("{FAE04EC0-301F-11D3-BF4B-00C04F79EFBC}") = "AesGcmSiv.Tests", "AesGcmSiv.Tests\AesGcmSiv.Tests.csproj", "{1B530B8B-6186-4824-B529-2B1685359FA2}"
EndProject
Global
	GlobalSection(SolutionConfigurationPlatforms) = preSolution
		Debug|Any CPU = Debug|Any CPU
		Debug|x64 = Debug|x64
		Debug|x86 = Debug|x86
		Release|Any CPU = Release|Any CPU
		Release|x64 = Release|x64
		Release|x86 = Release|x86
	EndGlobalSection
	GlobalSection(ProjectConfigurationPlatforms) = postSolution
		{0417D868-6E16-44F5-BF0C-84B1BF688744}.Debug|Any CPU.ActiveCfg = Debug|Any CPU
		{0417D868-6E16-44F5-BF0C-84B1BF688744}.Debug|Any CPU.Build.0 = Debug|Any CPU
		{0417D868-6E16-44F5-BF0C-84B1BF688744}.Debug|x64.ActiveCfg = Debug|Any CPU
		{0417D868-6E16-44F5-BF0C-84B1BF688744}.Debug|x64.Build.0 = Debug|Any CPU
		{0417D868-6E16-44F5-BF0C-84B1BF688744}.Debug|x86.ActiveCfg = Debug|Any CPU
		{0417D868-6E16-44F5-BF0C-84B1BF688744}.Debug|x86.Build.0 = Debug|Any CPU
		{0417D868-6E16-44F5-BF0C-84B1BF688744}.Release|Any CPU.ActiveCfg = Release|Any CPU
		{0417D868-6E16-44F5-BF0C-84B1BF688744}.Release|Any CPU.Build.0 = Release|Any CPU
		{0417D868-6E16-44F5-BF0C-84B1BF688744}.Release|x64.ActiveCfg = Release|Any CPU
		{0417D868-6E16-44F5-BF0C-84B1BF688744}.Release|x64.Build.0 = Release|Any CPU
		{0417D868-6E16-44F5-BF0C-84B1BF688744}.Release|x86.ActiveCfg = Release|Any CPU
		{0417D868-6E16-44F5-BF0C-84B1BF688744}.Release|x86.Build.0 = Release|Any CPU
		{1B530B8B-6186-4824-B529-2B1685359FA2}.Debug|Any CPU.ActiveCfg = Debug|Any CPU
		{1B530B8B-6186-4824-B529-2B1685359FA2}.Debug|Any CPU.Build.0 = Debug|Any CPU
		{1B530B8B-6186-4824-B529-2B1685359FA2}.Debug|x64.ActiveCfg = Debug|Any CPU
		{1B530B8B-6186-4824-B529-2B1685359FA2}.Debug|x64.Build.0 = Debug|Any CPU
		{1B530B8B-6186-4824-B529-2B1685359FA2}.Debug|x86.ActiveCfg = Debug|Any CPU
		{1B530B8B-6186-4824-B529-2B1685359FA2}.Debug|x86.Build.0 = Debug|Any CPU
		{1B530B8B-6186-4824-B529-2B1685359FA2}.Release|Any CPU.ActiveCfg = Release|Any CPU
		{1B530B8B-6186-4824-B529-2B1685359FA2}.Release|Any CPU.Build.0 = Release|Any CPU
		{1B530B8B-6186-4824-B529-2B1685359FA2}.Release|x64.ActiveCfg = Release|Any CPU
		{1B530B8B-6186-4824-B529-2B1685359FA2}.Release|x64.Build.0 = Release|Any CPU
		{1B530B8B-6186-4824-B529-2B1685359FA2}.Release|x86.ActiveCfg = Release|Any CPU
		{1B530B8B-6186-4824-B529-2B1685359FA2}.Release|x86.Build.0 = Release|Any CPU
	EndGlobalSection
	GlobalSection(SolutionProperties) = preSolution
		HideSolutionNode = FALSE
	EndGlobalSection
EndGlobal
